<?xml version="1.0" encoding="utf-8"?>
<Project ToolsVersion="4.0" xmlns="http://schemas.microsoft.com/developer/msbuild/2003">
  <ItemGroup>
    <Filter Include="Source Files">
      <UniqueIdentifier>{4FC737F1-C7A5-4376-A066-2A32D752A2FF}</UniqueIdentifier>
      <Extensions>cpp;c;cc;cxx;def;odl;idl;hpj;bat;asm;asmx</Extensions>
    </Filter>
    <Filter Include="Header Files">
      <UniqueIdentifier>{93995380-89BD-4b04-88EB-625FBE52EBFB}</UniqueIdentifier>
      <Extensions>h;hh;hpp;hxx;hm;inl;inc;ipp;xsd</Extensions>
    </Filter>
    <Filter Include="Resource Files">
      <UniqueIdentifier>{67DA6AB6-F800-4c08-8B7A-83BB121AAD01}</UniqueIdentifier>
      <Extensions>rc;ico;cur;bmp;dlg;rc2;rct;bin;rgs;gif;jpg;jpeg;jpe;resx;tiff;tif;png;wav;mfcribbon-ms</Extensions>
    </Filter>
  </ItemGroup>
  <ItemGroup>
    <ClCompile Include="FiberSim.cpp">
      <Filter>Source Files</Filter>
    </ClCompile>
    <ClCompile Include="muscle.cpp">
      <Filter>Source Files</Filter>
    </ClCompile>
    <ClCompile Include="FiberSim_model.cpp">
      <Filter>Source Files</Filter>
    </ClCompile>
    <ClCompile Include="JSON_functions.cpp">
      <Filter>Source Files</Filter>
    </ClCompile>
    <ClCompile Include="FiberSim_options.cpp">
      <Filter>Source Files</Filter>
    </ClCompile>
    <ClCompile Include="half_sarcomere.cpp">
      <Filter>Source Files</Filter>
    </ClCompile>
    <ClCompile Include="thick_filament.cpp">
      <Filter>Source Files</Filter>
    </ClCompile>
    <ClCompile Include="thin_filament.cpp">
      <Filter>Source Files</Filter>
    </ClCompile>
    <ClCompile Include="FiberSim_data.cpp">
      <Filter>Source Files</Filter>
    </ClCompile>
    <ClCompile Include="FiberSim_protocol.cpp">
      <Filter>Source Files</Filter>
    </ClCompile>
    <ClCompile Include="kinetic_scheme.cpp">
      <Filter>Source Files</Filter>
    </ClCompile>
    <ClCompile Include="m_state.cpp">
      <Filter>Source Files</Filter>
    </ClCompile>
    <ClCompile Include="transition.cpp">
      <Filter>Source Files</Filter>
    </ClCompile>
    <ClCompile Include="series_component.cpp">
      <Filter>Source Files</Filter>
    </ClCompile>
    <ClCompile Include="hs_data.cpp">
      <Filter>Source Files</Filter>
    </ClCompile>
  </ItemGroup>
  <ItemGroup>
    <ClInclude Include="FiberSim_model.h">
      <Filter>Header Files</Filter>
    </ClInclude>
    <ClInclude Include="muscle.h">
      <Filter>Header Files</Filter>
    </ClInclude>
    <ClInclude Include="JSON_functions.h">
      <Filter>Header Files</Filter>
    </ClInclude>
    <ClInclude Include="FiberSim_options.h">
      <Filter>Header Files</Filter>
    </ClInclude>
    <ClInclude Include="half_sarcomere.h">
      <Filter>Header Files</Filter>
    </ClInclude>
    <ClInclude Include="thick_filament.h">
      <Filter>Header Files</Filter>
    </ClInclude>
    <ClInclude Include="thin_filament.h">
      <Filter>Header Files</Filter>
    </ClInclude>
    <ClInclude Include="FiberSim_protocol.h">
      <Filter>Header Files</Filter>
    </ClInclude>
    <ClInclude Include="FiberSim_data.h">
      <Filter>Header Files</Filter>
    </ClInclude>
    <ClInclude Include="transition.h">
      <Filter>Header Files</Filter>
    </ClInclude>
    <ClInclude Include="kinetic_scheme.h">
      <Filter>Header Files</Filter>
    </ClInclude>
    <ClInclude Include="global_definitions.h">
      <Filter>Header Files</Filter>
    </ClInclude>
    <ClInclude Include="m_state.h">
      <Filter>Header Files</Filter>
    </ClInclude>
    <ClInclude Include="FiberSim_version.h">
      <Filter>Header Files</Filter>
    </ClInclude>
    <ClInclude Include="series_component.h">
      <Filter>Header Files</Filter>
    </ClInclude>
    <ClInclude Include="hs_data.h">
      <Filter>Header Files</Filter>
    </ClInclude>
    <ClInclude Include="BS_thread_pool.hpp">
      <Filter>Header Files</Filter>
    </ClInclude>
  </ItemGroup>
</Project>